
Microsoft Visual Studio Solution File, Format Version 12.00
# Visual Studio Version 17
VisualStudioVersion = 17.8.34330.188
MinimumVisualStudioVersion = 10.0.40219.1
Project("{FAE04EC0-301F-11D3-BF4B-00C04F79EFBC}") = "BooksLibraryIdentity", "BooksLibraryIdentity\BooksLibraryIdentity.csproj", "{ECEC6E7C-1B5E-4D43-9E7C-384A04E808E3}"
EndProject
Global
	GlobalSection(SolutionConfigurationPlatforms) = preSolution
		Debug|Any CPU = Debug|Any CPU
		Release|Any CPU = Release|Any CPU
	EndGlobalSection
	GlobalSection(ProjectConfigurationPlatforms) = postSolution
		{ECEC6E7C-1B5E-4D43-9E7C-384A04E808E3}.Debug|Any CPU.ActiveCfg = Debug|Any CPU
		{ECEC6E7C-1B5E-4D43-9E7C-384A04E808E3}.Debug|Any CPU.Build.0 = Debug|Any CPU
		{ECEC6E7C-1B5E-4D43-9E7C-384A04E808E3}.Release|Any CPU.ActiveCfg = Release|Any CPU
		{ECEC6E7C-1B5E-4D43-9E7C-384A04E808E3}.Release|Any CPU.Build.0 = Release|Any CPU
	EndGlobalSection
	GlobalSection(SolutionProperties) = preSolution
		HideSolutionNode = FALSE
	EndGlobalSection
	GlobalSection(ExtensibilityGlobals) = postSolution
		SolutionGuid = {92C98F46-0345-40B5-9D44-3DE903D9704E}
	EndGlobalSection
EndGlobal
